# This file is automatically @generated by Cargo.
# It is not intended for manual editing.
[[package]]
name = "bitflags"
version = "1.2.1"
source = "registry+https://github.com/rust-lang/crates.io-index"

[[package]]
name = "boxfnonce"
version = "0.1.1"
source = "registry+https://github.com/rust-lang/crates.io-index"

[[package]]
name = "cc"
version = "1.0.46"
source = "registry+https://github.com/rust-lang/crates.io-index"

[[package]]
name = "horrorshow"
version = "0.7.0"
source = "registry+https://github.com/rust-lang/crates.io-index"

[[package]]
name = "markdown-viewer"
version = "0.1.0"
dependencies = [
 "horrorshow 0.7.0 (registry+https://github.com/rust-lang/crates.io-index)",
 "pulldown-cmark 0.5.3 (registry+https://github.com/rust-lang/crates.io-index)",
 "web-view 0.5.2 (registry+https://github.com/rust-lang/crates.io-index)",
]

[[package]]
name = "memchr"
version = "2.2.1"
source = "registry+https://github.com/rust-lang/crates.io-index"

[[package]]
name = "pkg-config"
version = "0.3.17"
source = "registry+https://github.com/rust-lang/crates.io-index"

[[package]]
name = "pulldown-cmark"
version = "0.5.3"
source = "registry+https://github.com/rust-lang/crates.io-index"
dependencies = [
 "bitflags 1.2.1 (registry+https://github.com/rust-lang/crates.io-index)",
 "memchr 2.2.1 (registry+https://github.com/rust-lang/crates.io-index)",
 "unicase 2.5.1 (registry+https://github.com/rust-lang/crates.io-index)",
]

[[package]]
name = "unicase"
version = "2.5.1"
source = "registry+https://github.com/rust-lang/crates.io-index"
dependencies = [
 "version_check 0.1.5 (registry+https://github.com/rust-lang/crates.io-index)",
]

[[package]]
name = "urlencoding"
version = "1.0.0"
source = "registry+https://github.com/rust-lang/crates.io-index"

[[package]]
name = "version_check"
version = "0.1.5"
source = "registry+https://github.com/rust-lang/crates.io-index"

[[package]]
name = "web-view"
version = "0.5.2"
source = "registry+https://github.com/rust-lang/crates.io-index"
dependencies = [
 "boxfnonce 0.1.1 (registry+https://github.com/rust-lang/crates.io-index)",
 "urlencoding 1.0.0 (registry+https://github.com/rust-lang/crates.io-index)",
 "webview-sys 0.3.1 (registry+https://github.com/rust-lang/crates.io-index)",
]

[[package]]
name = "webview-sys"
version = "0.3.1"
source = "registry+https://github.com/rust-lang/crates.io-index"
dependencies = [
 "bitflags 1.2.1 (registry+https://github.com/rust-lang/crates.io-index)",
 "cc 1.0.46 (registry+https://github.com/rust-lang/crates.io-index)",
 "pkg-config 0.3.17 (registry+https://github.com/rust-lang/crates.io-index)",
]

[metadata]
"checksum bitflags 1.2.1 (registry+https://github.com/rust-lang/crates.io-index)" = "cf1de2fe8c75bc145a2f577add951f8134889b4795d47466a54a5c846d691693"
"checksum boxfnonce 0.1.1 (registry+https://github.com/rust-lang/crates.io-index)" = "5988cb1d626264ac94100be357308f29ff7cbdd3b36bda27f450a4ee3f713426"
"checksum cc 1.0.46 (registry+https://github.com/rust-lang/crates.io-index)" = "0213d356d3c4ea2c18c40b037c3be23cd639825c18f25ee670ac7813beeef99c"
"checksum horrorshow 0.7.0 (registry+https://github.com/rust-lang/crates.io-index)" = "73b84f6f364b9c35c9941a5199de16a0e8725da352eb4d4b1eb0d7179bee697a"
"checksum memchr 2.2.1 (registry+https://github.com/rust-lang/crates.io-index)" = "88579771288728879b57485cc7d6b07d648c9f0141eb955f8ab7f9d45394468e"
"checksum pkg-config 0.3.17 (registry+https://github.com/rust-lang/crates.io-index)" = "05da548ad6865900e60eaba7f589cc0783590a92e940c26953ff81ddbab2d677"
"checksum pulldown-cmark 0.5.3 (registry+https://github.com/rust-lang/crates.io-index)" = "77043da1282374688ee212dc44b3f37ff929431de9c9adc3053bd3cee5630357"
"checksum unicase 2.5.1 (registry+https://github.com/rust-lang/crates.io-index)" = "2e2e6bd1e59e56598518beb94fd6db628ded570326f0a98c679a304bd9f00150"
"checksum urlencoding 1.0.0 (registry+https://github.com/rust-lang/crates.io-index)" = "3df3561629a8bb4c57e5a2e4c43348d9e29c7c29d9b1c4c1f47166deca8f37ed"
"checksum version_check 0.1.5 (registry+https://github.com/rust-lang/crates.io-index)" = "914b1a6776c4c929a602fafd8bc742e06365d4bcbe48c30f9cca5824f70dc9dd"
"checksum web-view 0.5.2 (registry+https://github.com/rust-lang/crates.io-index)" = "8ec1e030b2e678718b9a39547dfdbdbd9e58d02640694c7addac106b3ddcf931"
"checksum webview-sys 0.3.1 (registry+https://github.com/rust-lang/crates.io-index)" = "33e4617fddb6c104fd6bac4a283a3708468fed66ac891d16bc47955d148b5755"
